// !$*UTF8*$!
{
	archiveVersion = 1;
	classes = {
	};
	objectVersion = 50;
	objects = {

/* Begin PBXBuildFile section */
		740BEB8A216D250800F4343A /* AddProfileWireframe.swift in Sources */ = {isa = PBXBuildFile; fileRef = 740BEB89216D250800F4343A /* AddProfileWireframe.swift */; };
		740BEB8F216D2E4F00F4343A /* AddProfilePresenter.swift in Sources */ = {isa = PBXBuildFile; fileRef = 740BEB8E216D2E4F00F4343A /* AddProfilePresenter.swift */; };
		740BEB91216D392800F4343A /* AddProfileInteractor.swift in Sources */ = {isa = PBXBuildFile; fileRef = 740BEB90216D392800F4343A /* AddProfileInteractor.swift */; };
		740D0236216ACFE2003B9BA8 /* UIColor.swift in Sources */ = {isa = PBXBuildFile; fileRef = 740D0235216ACFE2003B9BA8 /* UIColor.swift */; };
		740F79DA21691D1E00A2D50D /* SBrickCommand.swift in Sources */ = {isa = PBXBuildFile; fileRef = 740F79D921691D1E00A2D50D /* SBrickCommand.swift */; };
		740F79DC21697C5500A2D50D /* SBrickPayload.swift in Sources */ = {isa = PBXBuildFile; fileRef = 740F79DB21697C5500A2D50D /* SBrickPayload.swift */; };
		740F79DE216A867A00A2D50D /* SliderView.swift in Sources */ = {isa = PBXBuildFile; fileRef = 740F79DD216A867A00A2D50D /* SliderView.swift */; };
		74256E8A21623AF600A464CB /* VerticalSliderView.swift in Sources */ = {isa = PBXBuildFile; fileRef = 74256E8921623AF600A464CB /* VerticalSliderView.swift */; };
		742CE7A6216AADE50076501C /* Control.swift in Sources */ = {isa = PBXBuildFile; fileRef = 742CE7A5216AADE50076501C /* Control.swift */; };
		742CE7A9216AB2150076501C /* CGPoint.swift in Sources */ = {isa = PBXBuildFile; fileRef = 742CE7A8216AB2150076501C /* CGPoint.swift */; };
		742CE7AB216AB8B90076501C /* SBrickPort.swift in Sources */ = {isa = PBXBuildFile; fileRef = 742CE7AA216AB8B90076501C /* SBrickPort.swift */; };
		745D9B3E2163F6F900ED1127 /* RecycleBinView.swift in Sources */ = {isa = PBXBuildFile; fileRef = 745D9B3D2163F6F900ED1127 /* RecycleBinView.swift */; };
		7463182C216E4ADD00059C31 /* ProfileWireframe.swift in Sources */ = {isa = PBXBuildFile; fileRef = 7463182B216E4ADD00059C31 /* ProfileWireframe.swift */; };
		7463182E216E4BA500059C31 /* ProfilePresenter.swift in Sources */ = {isa = PBXBuildFile; fileRef = 7463182D216E4BA500059C31 /* ProfilePresenter.swift */; };
		74631832216E507100059C31 /* ProfileInteractor.swift in Sources */ = {isa = PBXBuildFile; fileRef = 74631831216E507100059C31 /* ProfileInteractor.swift */; };
		74631834216E99F100059C31 /* SliderPresenter.swift in Sources */ = {isa = PBXBuildFile; fileRef = 74631833216E99F100059C31 /* SliderPresenter.swift */; };
		74631837216E9C2B00059C31 /* SliderInteractor.swift in Sources */ = {isa = PBXBuildFile; fileRef = 74631836216E9C2B00059C31 /* SliderInteractor.swift */; };
		74631839216E9CC300059C31 /* SliderWireframe.swift in Sources */ = {isa = PBXBuildFile; fileRef = 74631838216E9CC300059C31 /* SliderWireframe.swift */; };
		747AE298215F13440083F261 /* AppDelegate.swift in Sources */ = {isa = PBXBuildFile; fileRef = 747AE297215F13440083F261 /* AppDelegate.swift */; };
		747AE29A215F13440083F261 /* ProfilesViewController.swift in Sources */ = {isa = PBXBuildFile; fileRef = 747AE299215F13440083F261 /* ProfilesViewController.swift */; };
		747AE29F215F13450083F261 /* Assets.xcassets in Resources */ = {isa = PBXBuildFile; fileRef = 747AE29E215F13450083F261 /* Assets.xcassets */; };
		747F2332217111AB00ABD8C7 /* Link.swift in Sources */ = {isa = PBXBuildFile; fileRef = 747F2331217111AB00ABD8C7 /* Link.swift */; };
		7485C85721700B1F0015CC6C /* ControlInteractor.swift in Sources */ = {isa = PBXBuildFile; fileRef = 7485C85621700B1F0015CC6C /* ControlInteractor.swift */; };
		74866B0E216BE2A3007D124E /* ProfilesWireframe.swift in Sources */ = {isa = PBXBuildFile; fileRef = 74866B0D216BE2A3007D124E /* ProfilesWireframe.swift */; };
		74866B10216BEA79007D124E /* RootWireframe.swift in Sources */ = {isa = PBXBuildFile; fileRef = 74866B0F216BEA79007D124E /* RootWireframe.swift */; };
		74866B12216BEF96007D124E /* CoreDataSource.swift in Sources */ = {isa = PBXBuildFile; fileRef = 74866B11216BEF96007D124E /* CoreDataSource.swift */; };
		74866B15216BF785007D124E /* ProfilesInteractor.swift in Sources */ = {isa = PBXBuildFile; fileRef = 74866B14216BF785007D124E /* ProfilesInteractor.swift */; };
		74866B17216BFD23007D124E /* ProfilesPresenter.swift in Sources */ = {isa = PBXBuildFile; fileRef = 74866B16216BFD23007D124E /* ProfilesPresenter.swift */; };
		748C161D2167D509009918A5 /* CarouselCollectionLayout.swift in Sources */ = {isa = PBXBuildFile; fileRef = 748C161C2167D509009918A5 /* CarouselCollectionLayout.swift */; };
		748C162021680A96009918A5 /* ControlView.swift in Sources */ = {isa = PBXBuildFile; fileRef = 748C161F21680A96009918A5 /* ControlView.swift */; };
		748C16232168EF4C009918A5 /* SBrickSource.swift in Sources */ = {isa = PBXBuildFile; fileRef = 748C16222168EF4C009918A5 /* SBrickSource.swift */; };
		748C16252168F6AA009918A5 /* SBrick.swift in Sources */ = {isa = PBXBuildFile; fileRef = 748C16242168F6AA009918A5 /* SBrick.swift */; };
		748C3DBD2161746D00DF0BCB /* AddProfileViewController.swift in Sources */ = {isa = PBXBuildFile; fileRef = 748C3DBC2161746D00DF0BCB /* AddProfileViewController.swift */; };
		749290E321630B93001B1048 /* ControlSelectorView.swift in Sources */ = {isa = PBXBuildFile; fileRef = 749290E221630B93001B1048 /* ControlSelectorView.swift */; };
		74AD02D8216FC06D00AB117B /* StickPresenter.swift in Sources */ = {isa = PBXBuildFile; fileRef = 74AD02D7216FC06D00AB117B /* StickPresenter.swift */; };
		74AD02DA216FC08D00AB117B /* StickWireframe.swift in Sources */ = {isa = PBXBuildFile; fileRef = 74AD02D9216FC08D00AB117B /* StickWireframe.swift */; };
		74AD02DC216FC0AD00AB117B /* StickInteractor.swift in Sources */ = {isa = PBXBuildFile; fileRef = 74AD02DB216FC0AD00AB117B /* StickInteractor.swift */; };
		74B46D18216021E00009EC29 /* StickView.swift in Sources */ = {isa = PBXBuildFile; fileRef = 74B46D17216021E00009EC29 /* StickView.swift */; };
		74B99971217113BB004875DF /* Profile.swift in Sources */ = {isa = PBXBuildFile; fileRef = 74B99970217113BB004875DF /* Profile.swift */; };
		74E56B9B215FD47900B58258 /* ProfilesViewCell.swift in Sources */ = {isa = PBXBuildFile; fileRef = 74E56B9A215FD47900B58258 /* ProfilesViewCell.swift */; };
		74E56B9F215FE16000B58258 /* Entities.xcdatamodeld in Sources */ = {isa = PBXBuildFile; fileRef = 74E56B9D215FE16000B58258 /* Entities.xcdatamodeld */; };
		74E56BC5215FF92200B58258 /* ProfileViewController.swift in Sources */ = {isa = PBXBuildFile; fileRef = 74E56BC4215FF92200B58258 /* ProfileViewController.swift */; };
		74EA6E4921644A5200A3D973 /* HorizontalSliderView.swift in Sources */ = {isa = PBXBuildFile; fileRef = 74EA6E4821644A5200A3D973 /* HorizontalSliderView.swift */; };
		75AD71DC337443B2ACE15DF7 /* Pods_brick.framework in Frameworks */ = {isa = PBXBuildFile; fileRef = 0BC8834258B5834575FAEA39 /* Pods_brick.framework */; };
/* End PBXBuildFile section */

/* Begin PBXFileReference section */
		0BC8834258B5834575FAEA39 /* Pods_brick.framework */ = {isa = PBXFileReference; explicitFileType = wrapper.framework; includeInIndex = 0; path = Pods_brick.framework; sourceTree = BUILT_PRODUCTS_DIR; };
		0CC5F1C830997F299119BB99 /* Pods-brick.debug.xcconfig */ = {isa = PBXFileReference; includeInIndex = 1; lastKnownFileType = text.xcconfig; name = "Pods-brick.debug.xcconfig"; path = "Pods/Target Support Files/Pods-brick/Pods-brick.debug.xcconfig"; sourceTree = "<group>"; };
		740BEB89216D250800F4343A /* AddProfileWireframe.swift */ = {isa = PBXFileReference; lastKnownFileType = sourcecode.swift; path = AddProfileWireframe.swift; sourceTree = "<group>"; };
		740BEB8E216D2E4F00F4343A /* AddProfilePresenter.swift */ = {isa = PBXFileReference; lastKnownFileType = sourcecode.swift; path = AddProfilePresenter.swift; sourceTree = "<group>"; };
		740BEB90216D392800F4343A /* AddProfileInteractor.swift */ = {isa = PBXFileReference; lastKnownFileType = sourcecode.swift; path = AddProfileInteractor.swift; sourceTree = "<group>"; };
		740D0235216ACFE2003B9BA8 /* UIColor.swift */ = {isa = PBXFileReference; lastKnownFileType = sourcecode.swift; path = UIColor.swift; sourceTree = "<group>"; };
		740F79D921691D1E00A2D50D /* SBrickCommand.swift */ = {isa = PBXFileReference; lastKnownFileType = sourcecode.swift; path = SBrickCommand.swift; sourceTree = "<group>"; };
		740F79DB21697C5500A2D50D /* SBrickPayload.swift */ = {isa = PBXFileReference; lastKnownFileType = sourcecode.swift; path = SBrickPayload.swift; sourceTree = "<group>"; };
		740F79DD216A867A00A2D50D /* SliderView.swift */ = {isa = PBXFileReference; lastKnownFileType = sourcecode.swift; path = SliderView.swift; sourceTree = "<group>"; };
		74256E8921623AF600A464CB /* VerticalSliderView.swift */ = {isa = PBXFileReference; lastKnownFileType = sourcecode.swift; path = VerticalSliderView.swift; sourceTree = "<group>"; };
		742CE7A5216AADE50076501C /* Control.swift */ = {isa = PBXFileReference; lastKnownFileType = sourcecode.swift; path = Control.swift; sourceTree = "<group>"; };
		742CE7A8216AB2150076501C /* CGPoint.swift */ = {isa = PBXFileReference; lastKnownFileType = sourcecode.swift; path = CGPoint.swift; sourceTree = "<group>"; };
		742CE7AA216AB8B90076501C /* SBrickPort.swift */ = {isa = PBXFileReference; lastKnownFileType = sourcecode.swift; path = SBrickPort.swift; sourceTree = "<group>"; };
		745D9B3D2163F6F900ED1127 /* RecycleBinView.swift */ = {isa = PBXFileReference; lastKnownFileType = sourcecode.swift; path = RecycleBinView.swift; sourceTree = "<group>"; };
		7463182B216E4ADD00059C31 /* ProfileWireframe.swift */ = {isa = PBXFileReference; lastKnownFileType = sourcecode.swift; path = ProfileWireframe.swift; sourceTree = "<group>"; };
		7463182D216E4BA500059C31 /* ProfilePresenter.swift */ = {isa = PBXFileReference; lastKnownFileType = sourcecode.swift; path = ProfilePresenter.swift; sourceTree = "<group>"; };
		74631831216E507100059C31 /* ProfileInteractor.swift */ = {isa = PBXFileReference; lastKnownFileType = sourcecode.swift; path = ProfileInteractor.swift; sourceTree = "<group>"; };
		74631833216E99F100059C31 /* SliderPresenter.swift */ = {isa = PBXFileReference; lastKnownFileType = sourcecode.swift; path = SliderPresenter.swift; sourceTree = "<group>"; };
		74631836216E9C2B00059C31 /* SliderInteractor.swift */ = {isa = PBXFileReference; lastKnownFileType = sourcecode.swift; path = SliderInteractor.swift; sourceTree = "<group>"; };
		74631838216E9CC300059C31 /* SliderWireframe.swift */ = {isa = PBXFileReference; lastKnownFileType = sourcecode.swift; path = SliderWireframe.swift; sourceTree = "<group>"; };
		747AE294215F13440083F261 /* brick.app */ = {isa = PBXFileReference; explicitFileType = wrapper.application; includeInIndex = 0; path = brick.app; sourceTree = BUILT_PRODUCTS_DIR; };
		747AE297215F13440083F261 /* AppDelegate.swift */ = {isa = PBXFileReference; lastKnownFileType = sourcecode.swift; path = AppDelegate.swift; sourceTree = "<group>"; };
		747AE299215F13440083F261 /* ProfilesViewController.swift */ = {isa = PBXFileReference; indentWidth = 2; lastKnownFileType = sourcecode.swift; path = ProfilesViewController.swift; sourceTree = "<group>"; tabWidth = 2; usesTabs = 0; };
		747AE29E215F13450083F261 /* Assets.xcassets */ = {isa = PBXFileReference; lastKnownFileType = folder.assetcatalog; path = Assets.xcassets; sourceTree = "<group>"; };
		747AE2A3215F13450083F261 /* Info.plist */ = {isa = PBXFileReference; lastKnownFileType = text.plist.xml; path = Info.plist; sourceTree = "<group>"; };
		747F2331217111AB00ABD8C7 /* Link.swift */ = {isa = PBXFileReference; lastKnownFileType = sourcecode.swift; path = Link.swift; sourceTree = "<group>"; };
		7485C85621700B1F0015CC6C /* ControlInteractor.swift */ = {isa = PBXFileReference; lastKnownFileType = sourcecode.swift; path = ControlInteractor.swift; sourceTree = "<group>"; };
		74866B0D216BE2A3007D124E /* ProfilesWireframe.swift */ = {isa = PBXFileReference; lastKnownFileType = sourcecode.swift; path = ProfilesWireframe.swift; sourceTree = "<group>"; };
		74866B0F216BEA79007D124E /* RootWireframe.swift */ = {isa = PBXFileReference; lastKnownFileType = sourcecode.swift; path = RootWireframe.swift; sourceTree = "<group>"; };
		74866B11216BEF96007D124E /* CoreDataSource.swift */ = {isa = PBXFileReference; lastKnownFileType = sourcecode.swift; path = CoreDataSource.swift; sourceTree = "<group>"; };
		74866B14216BF785007D124E /* ProfilesInteractor.swift */ = {isa = PBXFileReference; lastKnownFileType = sourcecode.swift; path = ProfilesInteractor.swift; sourceTree = "<group>"; };
		74866B16216BFD23007D124E /* ProfilesPresenter.swift */ = {isa = PBXFileReference; lastKnownFileType = sourcecode.swift; path = ProfilesPresenter.swift; sourceTree = "<group>"; };
		748C161C2167D509009918A5 /* CarouselCollectionLayout.swift */ = {isa = PBXFileReference; lastKnownFileType = sourcecode.swift; path = CarouselCollectionLayout.swift; sourceTree = "<group>"; };
		748C161F21680A96009918A5 /* ControlView.swift */ = {isa = PBXFileReference; lastKnownFileType = sourcecode.swift; path = ControlView.swift; sourceTree = "<group>"; };
		748C16222168EF4C009918A5 /* SBrickSource.swift */ = {isa = PBXFileReference; lastKnownFileType = sourcecode.swift; path = SBrickSource.swift; sourceTree = "<group>"; };
		748C16242168F6AA009918A5 /* SBrick.swift */ = {isa = PBXFileReference; lastKnownFileType = sourcecode.swift; path = SBrick.swift; sourceTree = "<group>"; };
		748C3DBC2161746D00DF0BCB /* AddProfileViewController.swift */ = {isa = PBXFileReference; lastKnownFileType = sourcecode.swift; path = AddProfileViewController.swift; sourceTree = "<group>"; };
		749290E221630B93001B1048 /* ControlSelectorView.swift */ = {isa = PBXFileReference; lastKnownFileType = sourcecode.swift; path = ControlSelectorView.swift; sourceTree = "<group>"; };
		74AD02D7216FC06D00AB117B /* StickPresenter.swift */ = {isa = PBXFileReference; lastKnownFileType = sourcecode.swift; path = StickPresenter.swift; sourceTree = "<group>"; };
		74AD02D9216FC08D00AB117B /* StickWireframe.swift */ = {isa = PBXFileReference; lastKnownFileType = sourcecode.swift; path = StickWireframe.swift; sourceTree = "<group>"; };
		74AD02DB216FC0AD00AB117B /* StickInteractor.swift */ = {isa = PBXFileReference; lastKnownFileType = sourcecode.swift; path = StickInteractor.swift; sourceTree = "<group>"; };
		74B46D17216021E00009EC29 /* StickView.swift */ = {isa = PBXFileReference; lastKnownFileType = sourcecode.swift; path = StickView.swift; sourceTree = "<group>"; };
		74B99970217113BB004875DF /* Profile.swift */ = {isa = PBXFileReference; lastKnownFileType = sourcecode.swift; path = Profile.swift; sourceTree = "<group>"; };
		74E56B9A215FD47900B58258 /* ProfilesViewCell.swift */ = {isa = PBXFileReference; lastKnownFileType = sourcecode.swift; path = ProfilesViewCell.swift; sourceTree = "<group>"; };
		74E56B9E215FE16000B58258 /* Model.xcdatamodel */ = {isa = PBXFileReference; lastKnownFileType = wrapper.xcdatamodel; path = Model.xcdatamodel; sourceTree = "<group>"; };
		74E56BC4215FF92200B58258 /* ProfileViewController.swift */ = {isa = PBXFileReference; lastKnownFileType = sourcecode.swift; path = ProfileViewController.swift; sourceTree = "<group>"; };
		74EA6E4821644A5200A3D973 /* HorizontalSliderView.swift */ = {isa = PBXFileReference; lastKnownFileType = sourcecode.swift; path = HorizontalSliderView.swift; sourceTree = "<group>"; };
		B5FE2CFD07D044CB4CDEF1EE /* Pods-brick.release.xcconfig */ = {isa = PBXFileReference; includeInIndex = 1; lastKnownFileType = text.xcconfig; name = "Pods-brick.release.xcconfig"; path = "Pods/Target Support Files/Pods-brick/Pods-brick.release.xcconfig"; sourceTree = "<group>"; };
/* End PBXFileReference section */

/* Begin PBXFrameworksBuildPhase section */
		747AE291215F13440083F261 /* Frameworks */ = {
			isa = PBXFrameworksBuildPhase;
			buildActionMask = 2147483647;
			files = (
				75AD71DC337443B2ACE15DF7 /* Pods_brick.framework in Frameworks */,
			);
			runOnlyForDeploymentPostprocessing = 0;
		};
/* End PBXFrameworksBuildPhase section */

/* Begin PBXGroup section */
		0B184E2B021BF7411C038AA2 /* Frameworks */ = {
			isa = PBXGroup;
			children = (
				0BC8834258B5834575FAEA39 /* Pods_brick.framework */,
			);
			name = Frameworks;
			sourceTree = "<group>";
		};
		740BEB8B216D282200F4343A /* View */ = {
			isa = PBXGroup;
			children = (
				74E56B9A215FD47900B58258 /* ProfilesViewCell.swift */,
				748C161C2167D509009918A5 /* CarouselCollectionLayout.swift */,
				747AE299215F13440083F261 /* ProfilesViewController.swift */,
			);
			path = View;
			sourceTree = "<group>";
		};
		740BEB8D216D287300F4343A /* View */ = {
			isa = PBXGroup;
			children = (
				749290E221630B93001B1048 /* ControlSelectorView.swift */,
				745D9B3D2163F6F900ED1127 /* RecycleBinView.swift */,
				748C3DBC2161746D00DF0BCB /* AddProfileViewController.swift */,
			);
			path = View;
			sourceTree = "<group>";
		};
		740F79DF216A87B300A2D50D /* Stick */ = {
			isa = PBXGroup;
			children = (
				74B46D17216021E00009EC29 /* StickView.swift */,
				74AD02D7216FC06D00AB117B /* StickPresenter.swift */,
				74AD02D9216FC08D00AB117B /* StickWireframe.swift */,
				74AD02DB216FC0AD00AB117B /* StickInteractor.swift */,
			);
			path = Stick;
			sourceTree = "<group>";
		};
		740F79E0216A87C600A2D50D /* Slider */ = {
			isa = PBXGroup;
			children = (
				74631833216E99F100059C31 /* SliderPresenter.swift */,
				74631838216E9CC300059C31 /* SliderWireframe.swift */,
				74631836216E9C2B00059C31 /* SliderInteractor.swift */,
				74631835216E9B0B00059C31 /* View */,
			);
			path = Slider;
			sourceTree = "<group>";
		};
		7421408C215FB70C0052255C /* Screens */ = {
			isa = PBXGroup;
			children = (
				748C3DBE216175A400DF0BCB /* AddProfile */,
				74E56BC3215FF0AE00B58258 /* Profile */,
				74E56B99215FCED500B58258 /* Profiles */,
			);
			path = Screens;
			sourceTree = "<group>";
		};
		742CE7A7216AB2040076501C /* Extensions */ = {
			isa = PBXGroup;
			children = (
				742CE7A8216AB2150076501C /* CGPoint.swift */,
				740D0235216ACFE2003B9BA8 /* UIColor.swift */,
			);
			path = Extensions;
			sourceTree = "<group>";
		};
		74631835216E9B0B00059C31 /* View */ = {
			isa = PBXGroup;
			children = (
				740F79DD216A867A00A2D50D /* SliderView.swift */,
				74EA6E4821644A5200A3D973 /* HorizontalSliderView.swift */,
				74256E8921623AF600A464CB /* VerticalSliderView.swift */,
			);
			path = View;
			sourceTree = "<group>";
		};
		747AE28B215F13440083F261 = {
			isa = PBXGroup;
			children = (
				747AE296215F13440083F261 /* brick */,
				747AE295215F13440083F261 /* Products */,
				970CF5E6E43F3144BA6B406A /* Pods */,
				0B184E2B021BF7411C038AA2 /* Frameworks */,
			);
			sourceTree = "<group>";
		};
		747AE295215F13440083F261 /* Products */ = {
			isa = PBXGroup;
			children = (
				747AE294215F13440083F261 /* brick.app */,
			);
			name = Products;
			sourceTree = "<group>";
		};
		747AE296215F13440083F261 /* brick */ = {
			isa = PBXGroup;
			children = (
				74866B0C216BE109007D124E /* Shared */,
				7421408C215FB70C0052255C /* Screens */,
				747AE297215F13440083F261 /* AppDelegate.swift */,
				74866B0F216BEA79007D124E /* RootWireframe.swift */,
				747AE29E215F13450083F261 /* Assets.xcassets */,
				747AE2A3215F13450083F261 /* Info.plist */,
			);
			path = brick;
			sourceTree = "<group>";
		};
		74866B0C216BE109007D124E /* Shared */ = {
			isa = PBXGroup;
			children = (
				748C16212168EA61009918A5 /* SBrick */,
				74866B13216BEFD1007D124E /* Entities */,
				742CE7A7216AB2040076501C /* Extensions */,
				74B46D162160219E0009EC29 /* Components */,
			);
			path = Shared;
			sourceTree = "<group>";
		};
		74866B13216BEFD1007D124E /* Entities */ = {
			isa = PBXGroup;
			children = (
				74E56B9D215FE16000B58258 /* Entities.xcdatamodeld */,
				74866B11216BEF96007D124E /* CoreDataSource.swift */,
				742CE7A5216AADE50076501C /* Control.swift */,
				747F2331217111AB00ABD8C7 /* Link.swift */,
				74B99970217113BB004875DF /* Profile.swift */,
			);
			path = Entities;
			sourceTree = "<group>";
		};
		748C16212168EA61009918A5 /* SBrick */ = {
			isa = PBXGroup;
			children = (
				748C16222168EF4C009918A5 /* SBrickSource.swift */,
				740F79D921691D1E00A2D50D /* SBrickCommand.swift */,
				742CE7AA216AB8B90076501C /* SBrickPort.swift */,
				740F79DB21697C5500A2D50D /* SBrickPayload.swift */,
				748C16242168F6AA009918A5 /* SBrick.swift */,
			);
			path = SBrick;
			sourceTree = "<group>";
		};
		748C3DBE216175A400DF0BCB /* AddProfile */ = {
			isa = PBXGroup;
			children = (
				740BEB8D216D287300F4343A /* View */,
				740BEB89216D250800F4343A /* AddProfileWireframe.swift */,
				740BEB8E216D2E4F00F4343A /* AddProfilePresenter.swift */,
				740BEB90216D392800F4343A /* AddProfileInteractor.swift */,
			);
			path = AddProfile;
			sourceTree = "<group>";
		};
		74B46D162160219E0009EC29 /* Components */ = {
			isa = PBXGroup;
			children = (
				740F79DF216A87B300A2D50D /* Stick */,
				748C161F21680A96009918A5 /* ControlView.swift */,
				7485C85621700B1F0015CC6C /* ControlInteractor.swift */,
				740F79E0216A87C600A2D50D /* Slider */,
			);
			path = Components;
			sourceTree = "<group>";
		};
		74E56B99215FCED500B58258 /* Profiles */ = {
			isa = PBXGroup;
			children = (
				740BEB8B216D282200F4343A /* View */,
				74866B0D216BE2A3007D124E /* ProfilesWireframe.swift */,
				74866B14216BF785007D124E /* ProfilesInteractor.swift */,
				74866B16216BFD23007D124E /* ProfilesPresenter.swift */,
			);
			path = Profiles;
			sourceTree = "<group>";
		};
		74E56BC3215FF0AE00B58258 /* Profile */ = {
			isa = PBXGroup;
			children = (
				74E56BC4215FF92200B58258 /* ProfileViewController.swift */,
				7463182B216E4ADD00059C31 /* ProfileWireframe.swift */,
				74631831216E507100059C31 /* ProfileInteractor.swift */,
				7463182D216E4BA500059C31 /* ProfilePresenter.swift */,
			);
			path = Profile;
			sourceTree = "<group>";
		};
		970CF5E6E43F3144BA6B406A /* Pods */ = {
			isa = PBXGroup;
			children = (
				0CC5F1C830997F299119BB99 /* Pods-brick.debug.xcconfig */,
				B5FE2CFD07D044CB4CDEF1EE /* Pods-brick.release.xcconfig */,
			);
			name = Pods;
			sourceTree = "<group>";
		};
/* End PBXGroup section */

/* Begin PBXNativeTarget section */
		747AE293215F13440083F261 /* brick */ = {
			isa = PBXNativeTarget;
			buildConfigurationList = 747AE2A6215F13450083F261 /* Build configuration list for PBXNativeTarget "brick" */;
			buildPhases = (
				7B009C0A3B307DC2A1570FBA /* [CP] Check Pods Manifest.lock */,
				747AE290215F13440083F261 /* Sources */,
				747AE291215F13440083F261 /* Frameworks */,
				747AE292215F13440083F261 /* Resources */,
				334CD4B9AABCC17EF49653DC /* [CP] Embed Pods Frameworks */,
				748C161E2167FF8F009918A5 /* ShellScript */,
			);
			buildRules = (
			);
			dependencies = (
			);
			name = brick;
			productName = brick;
			productReference = 747AE294215F13440083F261 /* brick.app */;
			productType = "com.apple.product-type.application";
		};
/* End PBXNativeTarget section */

/* Begin PBXProject section */
		747AE28C215F13440083F261 /* Project object */ = {
			isa = PBXProject;
			attributes = {
				LastSwiftUpdateCheck = 1000;
				LastUpgradeCheck = 1000;
				ORGANIZATIONNAME = "Ike Ku";
				TargetAttributes = {
					747AE293215F13440083F261 = {
						CreatedOnToolsVersion = 10.0;
					};
				};
			};
			buildConfigurationList = 747AE28F215F13440083F261 /* Build configuration list for PBXProject "brick" */;
			compatibilityVersion = "Xcode 9.3";
			developmentRegion = en;
			hasScannedForEncodings = 0;
			knownRegions = (
				en,
				Base,
			);
			mainGroup = 747AE28B215F13440083F261;
			productRefGroup = 747AE295215F13440083F261 /* Products */;
			projectDirPath = "";
			projectRoot = "";
			targets = (
				747AE293215F13440083F261 /* brick */,
			);
		};
/* End PBXProject section */

/* Begin PBXResourcesBuildPhase section */
		747AE292215F13440083F261 /* Resources */ = {
			isa = PBXResourcesBuildPhase;
			buildActionMask = 2147483647;
			files = (
				747AE29F215F13450083F261 /* Assets.xcassets in Resources */,
			);
			runOnlyForDeploymentPostprocessing = 0;
		};
/* End PBXResourcesBuildPhase section */

/* Begin PBXShellScriptBuildPhase section */
		334CD4B9AABCC17EF49653DC /* [CP] Embed Pods Frameworks */ = {
			isa = PBXShellScriptBuildPhase;
			buildActionMask = 2147483647;
			files = (
			);
			inputFileListPaths = (
			);
			inputPaths = (
				"${SRCROOT}/Pods/Target Support Files/Pods-brick/Pods-brick-frameworks.sh",
				"${BUILT_PRODUCTS_DIR}/Bluebird/Bluebird.framework",
				"${BUILT_PRODUCTS_DIR}/SnapKit/SnapKit.framework",
			);
			name = "[CP] Embed Pods Frameworks";
			outputFileListPaths = (
			);
			outputPaths = (
				"${TARGET_BUILD_DIR}/${FRAMEWORKS_FOLDER_PATH}/Bluebird.framework",
				"${TARGET_BUILD_DIR}/${FRAMEWORKS_FOLDER_PATH}/SnapKit.framework",
			);
			runOnlyForDeploymentPostprocessing = 0;
			shellPath = /bin/sh;
			shellScript = "\"${SRCROOT}/Pods/Target Support Files/Pods-brick/Pods-brick-frameworks.sh\"\n";
			showEnvVarsInLog = 0;
		};
		748C161E2167FF8F009918A5 /* ShellScript */ = {
			isa = PBXShellScriptBuildPhase;
			buildActionMask = 2147483647;
			files = (
			);
			inputFileListPaths = (
			);
			inputPaths = (
			);
			outputFileListPaths = (
			);
			outputPaths = (
			);
			runOnlyForDeploymentPostprocessing = 0;
			shellPath = /bin/sh;
			shellScript = "if which swiftlint >/dev/null; then\nswiftlint\nelse\necho \"warning: SwiftLint not installed, download from https://github.com/realm/SwiftLint\"\nfi\n";
		};
		7B009C0A3B307DC2A1570FBA /* [CP] Check Pods Manifest.lock */ = {
			isa = PBXShellScriptBuildPhase;
			buildActionMask = 2147483647;
			files = (
			);
			inputFileListPaths = (
			);
			inputPaths = (
				"${PODS_PODFILE_DIR_PATH}/Podfile.lock",
				"${PODS_ROOT}/Manifest.lock",
			);
			name = "[CP] Check Pods Manifest.lock";
			outputFileListPaths = (
			);
			outputPaths = (
				"$(DERIVED_FILE_DIR)/Pods-brick-checkManifestLockResult.txt",
			);
			runOnlyForDeploymentPostprocessing = 0;
			shellPath = /bin/sh;
			shellScript = "diff \"${PODS_PODFILE_DIR_PATH}/Podfile.lock\" \"${PODS_ROOT}/Manifest.lock\" > /dev/null\nif [ $? != 0 ] ; then\n    # print error to STDERR\n    echo \"error: The sandbox is not in sync with the Podfile.lock. Run 'pod install' or update your CocoaPods installation.\" >&2\n    exit 1\nfi\n# This output is used by Xcode 'outputs' to avoid re-running this script phase.\necho \"SUCCESS\" > \"${SCRIPT_OUTPUT_FILE_0}\"\n";
			showEnvVarsInLog = 0;
		};
/* End PBXShellScriptBuildPhase section */

/* Begin PBXSourcesBuildPhase section */
		747AE290215F13440083F261 /* Sources */ = {
			isa = PBXSourcesBuildPhase;
			buildActionMask = 2147483647;
			files = (
				74E56B9B215FD47900B58258 /* ProfilesViewCell.swift in Sources */,
				747AE29A215F13440083F261 /* ProfilesViewController.swift in Sources */,
				74E56B9F215FE16000B58258 /* Entities.xcdatamodeld in Sources */,
				7463182E216E4BA500059C31 /* ProfilePresenter.swift in Sources */,
				748C161D2167D509009918A5 /* CarouselCollectionLayout.swift in Sources */,
				742CE7AB216AB8B90076501C /* SBrickPort.swift in Sources */,
				745D9B3E2163F6F900ED1127 /* RecycleBinView.swift in Sources */,
				748C16232168EF4C009918A5 /* SBrickSource.swift in Sources */,
				74866B0E216BE2A3007D124E /* ProfilesWireframe.swift in Sources */,
				740F79DC21697C5500A2D50D /* SBrickPayload.swift in Sources */,
				742CE7A6216AADE50076501C /* Control.swift in Sources */,
				74AD02DA216FC08D00AB117B /* StickWireframe.swift in Sources */,
				740BEB8A216D250800F4343A /* AddProfileWireframe.swift in Sources */,
				74AD02D8216FC06D00AB117B /* StickPresenter.swift in Sources */,
				74631839216E9CC300059C31 /* SliderWireframe.swift in Sources */,
				740BEB8F216D2E4F00F4343A /* AddProfilePresenter.swift in Sources */,
				740F79DE216A867A00A2D50D /* SliderView.swift in Sources */,
				7485C85721700B1F0015CC6C /* ControlInteractor.swift in Sources */,
				748C3DBD2161746D00DF0BCB /* AddProfileViewController.swift in Sources */,
				74631837216E9C2B00059C31 /* SliderInteractor.swift in Sources */,
				748C162021680A96009918A5 /* ControlView.swift in Sources */,
				747F2332217111AB00ABD8C7 /* Link.swift in Sources */,
				74B46D18216021E00009EC29 /* StickView.swift in Sources */,
				74631834216E99F100059C31 /* SliderPresenter.swift in Sources */,
				74866B10216BEA79007D124E /* RootWireframe.swift in Sources */,
				74E56BC5215FF92200B58258 /* ProfileViewController.swift in Sources */,
				7463182C216E4ADD00059C31 /* ProfileWireframe.swift in Sources */,
				749290E321630B93001B1048 /* ControlSelectorView.swift in Sources */,
				742CE7A9216AB2150076501C /* CGPoint.swift in Sources */,
				74EA6E4921644A5200A3D973 /* HorizontalSliderView.swift in Sources */,
				747AE298215F13440083F261 /* AppDelegate.swift in Sources */,
				74866B17216BFD23007D124E /* ProfilesPresenter.swift in Sources */,
				74AD02DC216FC0AD00AB117B /* StickInteractor.swift in Sources */,
				74866B12216BEF96007D124E /* CoreDataSource.swift in Sources */,
				740D0236216ACFE2003B9BA8 /* UIColor.swift in Sources */,
				740BEB91216D392800F4343A /* AddProfileInteractor.swift in Sources */,
				748C16252168F6AA009918A5 /* SBrick.swift in Sources */,
				740F79DA21691D1E00A2D50D /* SBrickCommand.swift in Sources */,
				74866B15216BF785007D124E /* ProfilesInteractor.swift in Sources */,
				74B99971217113BB004875DF /* Profile.swift in Sources */,
				74631832216E507100059C31 /* ProfileInteractor.swift in Sources */,
				74256E8A21623AF600A464CB /* VerticalSliderView.swift in Sources */,
			);
			runOnlyForDeploymentPostprocessing = 0;
		};
/* End PBXSourcesBuildPhase section */

/* Begin XCBuildConfiguration section */
		747AE2A4215F13450083F261 /* Debug */ = {
			isa = XCBuildConfiguration;
			buildSettings = {
				ALWAYS_SEARCH_USER_PATHS = NO;
				CLANG_ANALYZER_NONNULL = YES;
				CLANG_ANALYZER_NUMBER_OBJECT_CONVERSION = YES_AGGRESSIVE;
				CLANG_CXX_LANGUAGE_STANDARD = "gnu++14";
				CLANG_CXX_LIBRARY = "libc++";
				CLANG_ENABLE_MODULES = YES;
				CLANG_ENABLE_OBJC_ARC = YES;
				CLANG_ENABLE_OBJC_WEAK = YES;
				CLANG_WARN_BLOCK_CAPTURE_AUTORELEASING = YES;
				CLANG_WARN_BOOL_CONVERSION = YES;
				CLANG_WARN_COMMA = YES;
				CLANG_WARN_CONSTANT_CONVERSION = YES;
				CLANG_WARN_DEPRECATED_OBJC_IMPLEMENTATIONS = YES;
				CLANG_WARN_DIRECT_OBJC_ISA_USAGE = YES_ERROR;
				CLANG_WARN_DOCUMENTATION_COMMENTS = YES;
				CLANG_WARN_EMPTY_BODY = YES;
				CLANG_WARN_ENUM_CONVERSION = YES;
				CLANG_WARN_INFINITE_RECURSION = YES;
				CLANG_WARN_INT_CONVERSION = YES;
				CLANG_WARN_NON_LITERAL_NULL_CONVERSION = YES;
				CLANG_WARN_OBJC_IMPLICIT_RETAIN_SELF = YES;
				CLANG_WARN_OBJC_LITERAL_CONVERSION = YES;
				CLANG_WARN_OBJC_ROOT_CLASS = YES_ERROR;
				CLANG_WARN_RANGE_LOOP_ANALYSIS = YES;
				CLANG_WARN_STRICT_PROTOTYPES = YES;
				CLANG_WARN_SUSPICIOUS_MOVE = YES;
				CLANG_WARN_UNGUARDED_AVAILABILITY = YES_AGGRESSIVE;
				CLANG_WARN_UNREACHABLE_CODE = YES;
				CLANG_WARN__DUPLICATE_METHOD_MATCH = YES;
				CODE_SIGN_IDENTITY = "iPhone Developer";
				COPY_PHASE_STRIP = NO;
				DEBUG_INFORMATION_FORMAT = dwarf;
				ENABLE_STRICT_OBJC_MSGSEND = YES;
				ENABLE_TESTABILITY = YES;
				GCC_C_LANGUAGE_STANDARD = gnu11;
				GCC_DYNAMIC_NO_PIC = NO;
				GCC_NO_COMMON_BLOCKS = YES;
				GCC_OPTIMIZATION_LEVEL = 0;
				GCC_PREPROCESSOR_DEFINITIONS = (
					"DEBUG=1",
					"$(inherited)",
				);
				GCC_WARN_64_TO_32_BIT_CONVERSION = YES;
				GCC_WARN_ABOUT_RETURN_TYPE = YES_ERROR;
				GCC_WARN_UNDECLARED_SELECTOR = YES;
				GCC_WARN_UNINITIALIZED_AUTOS = YES_AGGRESSIVE;
				GCC_WARN_UNUSED_FUNCTION = YES;
				GCC_WARN_UNUSED_VARIABLE = YES;
				IPHONEOS_DEPLOYMENT_TARGET = 12.0;
				MTL_ENABLE_DEBUG_INFO = INCLUDE_SOURCE;
				MTL_FAST_MATH = YES;
				ONLY_ACTIVE_ARCH = YES;
				SDKROOT = iphoneos;
				SWIFT_ACTIVE_COMPILATION_CONDITIONS = DEBUG;
				SWIFT_OPTIMIZATION_LEVEL = "-Onone";
			};
			name = Debug;
		};
		747AE2A5215F13450083F261 /* Release */ = {
			isa = XCBuildConfiguration;
			buildSettings = {
				ALWAYS_SEARCH_USER_PATHS = NO;
				CLANG_ANALYZER_NONNULL = YES;
				CLANG_ANALYZER_NUMBER_OBJECT_CONVERSION = YES_AGGRESSIVE;
				CLANG_CXX_LANGUAGE_STANDARD = "gnu++14";
				CLANG_CXX_LIBRARY = "libc++";
				CLANG_ENABLE_MODULES = YES;
				CLANG_ENABLE_OBJC_ARC = YES;
				CLANG_ENABLE_OBJC_WEAK = YES;
				CLANG_WARN_BLOCK_CAPTURE_AUTORELEASING = YES;
				CLANG_WARN_BOOL_CONVERSION = YES;
				CLANG_WARN_COMMA = YES;
				CLANG_WARN_CONSTANT_CONVERSION = YES;
				CLANG_WARN_DEPRECATED_OBJC_IMPLEMENTATIONS = YES;
				CLANG_WARN_DIRECT_OBJC_ISA_USAGE = YES_ERROR;
				CLANG_WARN_DOCUMENTATION_COMMENTS = YES;
				CLANG_WARN_EMPTY_BODY = YES;
				CLANG_WARN_ENUM_CONVERSION = YES;
				CLANG_WARN_INFINITE_RECURSION = YES;
				CLANG_WARN_INT_CONVERSION = YES;
				CLANG_WARN_NON_LITERAL_NULL_CONVERSION = YES;
				CLANG_WARN_OBJC_IMPLICIT_RETAIN_SELF = YES;
				CLANG_WARN_OBJC_LITERAL_CONVERSION = YES;
				CLANG_WARN_OBJC_ROOT_CLASS = YES_ERROR;
				CLANG_WARN_RANGE_LOOP_ANALYSIS = YES;
				CLANG_WARN_STRICT_PROTOTYPES = YES;
				CLANG_WARN_SUSPICIOUS_MOVE = YES;
				CLANG_WARN_UNGUARDED_AVAILABILITY = YES_AGGRESSIVE;
				CLANG_WARN_UNREACHABLE_CODE = YES;
				CLANG_WARN__DUPLICATE_METHOD_MATCH = YES;
				CODE_SIGN_IDENTITY = "iPhone Developer";
				COPY_PHASE_STRIP = NO;
				DEBUG_INFORMATION_FORMAT = "dwarf-with-dsym";
				ENABLE_NS_ASSERTIONS = NO;
				ENABLE_STRICT_OBJC_MSGSEND = YES;
				GCC_C_LANGUAGE_STANDARD = gnu11;
				GCC_NO_COMMON_BLOCKS = YES;
				GCC_WARN_64_TO_32_BIT_CONVERSION = YES;
				GCC_WARN_ABOUT_RETURN_TYPE = YES_ERROR;
				GCC_WARN_UNDECLARED_SELECTOR = YES;
				GCC_WARN_UNINITIALIZED_AUTOS = YES_AGGRESSIVE;
				GCC_WARN_UNUSED_FUNCTION = YES;
				GCC_WARN_UNUSED_VARIABLE = YES;
				IPHONEOS_DEPLOYMENT_TARGET = 12.0;
				MTL_ENABLE_DEBUG_INFO = NO;
				MTL_FAST_MATH = YES;
				SDKROOT = iphoneos;
				SWIFT_COMPILATION_MODE = wholemodule;
				SWIFT_OPTIMIZATION_LEVEL = "-O";
				VALIDATE_PRODUCT = YES;
			};
			name = Release;
		};
		747AE2A7215F13450083F261 /* Debug */ = {
			isa = XCBuildConfiguration;
			baseConfigurationReference = 0CC5F1C830997F299119BB99 /* Pods-brick.debug.xcconfig */;
			buildSettings = {
				ASSETCATALOG_COMPILER_APPICON_NAME = AppIcon;
				CODE_SIGN_STYLE = Automatic;
				DEVELOPMENT_TEAM = 9347ZCMVUH;
				INFOPLIST_FILE = brick/Info.plist;
				LD_RUNPATH_SEARCH_PATHS = (
					"$(inherited)",
					"@executable_path/Frameworks",
				);
				PRODUCT_BUNDLE_IDENTIFIER = com.dempfi.brick;
				PRODUCT_NAME = "$(TARGET_NAME)";
				SWIFT_VERSION = 4.2;
				TARGETED_DEVICE_FAMILY = "1,2";
			};
			name = Debug;
		};
		747AE2A8215F13450083F261 /* Release */ = {
			isa = XCBuildConfiguration;
			baseConfigurationReference = B5FE2CFD07D044CB4CDEF1EE /* Pods-brick.release.xcconfig */;
			buildSettings = {
				ASSETCATALOG_COMPILER_APPICON_NAME = AppIcon;
				CODE_SIGN_STYLE = Automatic;
				DEVELOPMENT_TEAM = 9347ZCMVUH;
				INFOPLIST_FILE = brick/Info.plist;
				LD_RUNPATH_SEARCH_PATHS = (
					"$(inherited)",
					"@executable_path/Frameworks",
				);
				PRODUCT_BUNDLE_IDENTIFIER = com.dempfi.brick;
				PRODUCT_NAME = "$(TARGET_NAME)";
				SWIFT_VERSION = 4.2;
				TARGETED_DEVICE_FAMILY = "1,2";
			};
			name = Release;
		};
/* End XCBuildConfiguration section */

/* Begin XCConfigurationList section */
		747AE28F215F13440083F261 /* Build configuration list for PBXProject "brick" */ = {
			isa = XCConfigurationList;
			buildConfigurations = (
				747AE2A4215F13450083F261 /* Debug */,
				747AE2A5215F13450083F261 /* Release */,
			);
			defaultConfigurationIsVisible = 0;
			defaultConfigurationName = Release;
		};
		747AE2A6215F13450083F261 /* Build configuration list for PBXNativeTarget "brick" */ = {
			isa = XCConfigurationList;
			buildConfigurations = (
				747AE2A7215F13450083F261 /* Debug */,
				747AE2A8215F13450083F261 /* Release */,
			);
			defaultConfigurationIsVisible = 0;
			defaultConfigurationName = Release;
		};
/* End XCConfigurationList section */

/* Begin XCVersionGroup section */
		74E56B9D215FE16000B58258 /* Entities.xcdatamodeld */ = {
			isa = XCVersionGroup;
			children = (
				74E56B9E215FE16000B58258 /* Model.xcdatamodel */,
			);
			currentVersion = 74E56B9E215FE16000B58258 /* Model.xcdatamodel */;
			path = Entities.xcdatamodeld;
			sourceTree = "<group>";
			versionGroupType = wrapper.xcdatamodel;
		};
/* End XCVersionGroup section */
	};
	rootObject = 747AE28C215F13440083F261 /* Project object */;
}
